// !$*UTF8*$!
{
	archiveVersion = 1;
	classes = {
	};
	objectVersion = 46;
	objects = {

/* Begin PBXBuildFile section */
		F2C06F411935B25F0016ACA1 /* Foundation.framework in Frameworks */ = {isa = PBXBuildFile; fileRef = F2C06F401935B25F0016ACA1 /* Foundation.framework */; };
		F2C06F431935B25F0016ACA1 /* CoreGraphics.framework in Frameworks */ = {isa = PBXBuildFile; fileRef = F2C06F421935B25F0016ACA1 /* CoreGraphics.framework */; };
		F2C06F451935B25F0016ACA1 /* UIKit.framework in Frameworks */ = {isa = PBXBuildFile; fileRef = F2C06F441935B25F0016ACA1 /* UIKit.framework */; };
		F2C06F4B1935B25F0016ACA1 /* InfoPlist.strings in Resources */ = {isa = PBXBuildFile; fileRef = F2C06F491935B25F0016ACA1 /* InfoPlist.strings */; };
		F2C06F4D1935B25F0016ACA1 /* main.m in Sources */ = {isa = PBXBuildFile; fileRef = F2C06F4C1935B25F0016ACA1 /* main.m */; };
		F2C06F511935B25F0016ACA1 /* MTAppDelegate.m in Sources */ = {isa = PBXBuildFile; fileRef = F2C06F501935B25F0016ACA1 /* MTAppDelegate.m */; };
		F2C06F541935B25F0016ACA1 /* Main.storyboard in Resources */ = {isa = PBXBuildFile; fileRef = F2C06F521935B25F0016ACA1 /* Main.storyboard */; };
		F2C06F571935B25F0016ACA1 /* MTViewController.m in Sources */ = {isa = PBXBuildFile; fileRef = F2C06F561935B25F0016ACA1 /* MTViewController.m */; };
		F2C06F591935B25F0016ACA1 /* Images.xcassets in Resources */ = {isa = PBXBuildFile; fileRef = F2C06F581935B25F0016ACA1 /* Images.xcassets */; };
		F2C06F601935B25F0016ACA1 /* XCTest.framework in Frameworks */ = {isa = PBXBuildFile; fileRef = F2C06F5F1935B25F0016ACA1 /* XCTest.framework */; };
		F2C06F611935B25F0016ACA1 /* Foundation.framework in Frameworks */ = {isa = PBXBuildFile; fileRef = F2C06F401935B25F0016ACA1 /* Foundation.framework */; };
		F2C06F621935B25F0016ACA1 /* UIKit.framework in Frameworks */ = {isa = PBXBuildFile; fileRef = F2C06F441935B25F0016ACA1 /* UIKit.framework */; };
		F2C06F6A1935B25F0016ACA1 /* InfoPlist.strings in Resources */ = {isa = PBXBuildFile; fileRef = F2C06F681935B25F0016ACA1 /* InfoPlist.strings */; };
		F2C06F6C1935B25F0016ACA1 /* Assignment_PhotoGridTests.m in Sources */ = {isa = PBXBuildFile; fileRef = F2C06F6B1935B25F0016ACA1 /* Assignment_PhotoGridTests.m */; };
/* End PBXBuildFile section */

/* Begin PBXContainerItemProxy section */
		F2C06F631935B25F0016ACA1 /* PBXContainerItemProxy */ = {
			isa = PBXContainerItemProxy;
			containerPortal = F2C06F351935B25F0016ACA1 /* Project object */;
			proxyType = 1;
			remoteGlobalIDString = F2C06F3C1935B25F0016ACA1;
			remoteInfo = "Assignment PhotoGrid";
		};
/* End PBXContainerItemProxy section */

/* Begin PBXFileReference section */
		F2C06F3D1935B25F0016ACA1 /* Assignment PhotoGrid.app */ = {isa = PBXFileReference; explicitFileType = wrapper.application; includeInIndex = 0; path = "Assignment PhotoGrid.app"; sourceTree = BUILT_PRODUCTS_DIR; };
		F2C06F401935B25F0016ACA1 /* Foundation.framework */ = {isa = PBXFileReference; lastKnownFileType = wrapper.framework; name = Foundation.framework; path = System/Library/Frameworks/Foundation.framework; sourceTree = SDKROOT; };
		F2C06F421935B25F0016ACA1 /* CoreGraphics.framework */ = {isa = PBXFileReference; lastKnownFileType = wrapper.framework; name = CoreGraphics.framework; path = System/Library/Frameworks/CoreGraphics.framework; sourceTree = SDKROOT; };
		F2C06F441935B25F0016ACA1 /* UIKit.framework */ = {isa = PBXFileReference; lastKnownFileType = wrapper.framework; name = UIKit.framework; path = System/Library/Frameworks/UIKit.framework; sourceTree = SDKROOT; };
		F2C06F481935B25F0016ACA1 /* Assignment PhotoGrid-Info.plist */ = {isa = PBXFileReference; lastKnownFileType = text.plist.xml; path = "Assignment PhotoGrid-Info.plist"; sourceTree = "<group>"; };
		F2C06F4A1935B25F0016ACA1 /* en */ = {isa = PBXFileReference; lastKnownFileType = text.plist.strings; name = en; path = en.lproj/InfoPlist.strings; sourceTree = "<group>"; };
		F2C06F4C1935B25F0016ACA1 /* main.m */ = {isa = PBXFileReference; lastKnownFileType = sourcecode.c.objc; path = main.m; sourceTree = "<group>"; };
		F2C06F4E1935B25F0016ACA1 /* Assignment PhotoGrid-Prefix.pch */ = {isa = PBXFileReference; lastKnownFileType = sourcecode.c.h; path = "Assignment PhotoGrid-Prefix.pch"; sourceTree = "<group>"; };
		F2C06F4F1935B25F0016ACA1 /* MTAppDelegate.h */ = {isa = PBXFileReference; lastKnownFileType = sourcecode.c.h; path = MTAppDelegate.h; sourceTree = "<group>"; };
		F2C06F501935B25F0016ACA1 /* MTAppDelegate.m */ = {isa = PBXFileReference; lastKnownFileType = sourcecode.c.objc; path = MTAppDelegate.m; sourceTree = "<group>"; };
		F2C06F531935B25F0016ACA1 /* Base */ = {isa = PBXFileReference; lastKnownFileType = file.storyboard; name = Base; path = Base.lproj/Main.storyboard; sourceTree = "<group>"; };
		F2C06F551935B25F0016ACA1 /* MTViewController.h */ = {isa = PBXFileReference; lastKnownFileType = sourcecode.c.h; path = MTViewController.h; sourceTree = "<group>"; };
		F2C06F561935B25F0016ACA1 /* MTViewController.m */ = {isa = PBXFileReference; lastKnownFileType = sourcecode.c.objc; path = MTViewController.m; sourceTree = "<group>"; };
		F2C06F581935B25F0016ACA1 /* Images.xcassets */ = {isa = PBXFileReference; lastKnownFileType = folder.assetcatalog; path = Images.xcassets; sourceTree = "<group>"; };
		F2C06F5E1935B25F0016ACA1 /* Assignment PhotoGridTests.xctest */ = {isa = PBXFileReference; explicitFileType = wrapper.cfbundle; includeInIndex = 0; path = "Assignment PhotoGridTests.xctest"; sourceTree = BUILT_PRODUCTS_DIR; };
		F2C06F5F1935B25F0016ACA1 /* XCTest.framework */ = {isa = PBXFileReference; lastKnownFileType = wrapper.framework; name = XCTest.framework; path = Library/Frameworks/XCTest.framework; sourceTree = DEVELOPER_DIR; };
		F2C06F671935B25F0016ACA1 /* Assignment PhotoGridTests-Info.plist */ = {isa = PBXFileReference; lastKnownFileType = text.plist.xml; path = "Assignment PhotoGridTests-Info.plist"; sourceTree = "<group>"; };
		F2C06F691935B25F0016ACA1 /* en */ = {isa = PBXFileReference; lastKnownFileType = text.plist.strings; name = en; path = en.lproj/InfoPlist.strings; sourceTree = "<group>"; };
		F2C06F6B1935B25F0016ACA1 /* Assignment_PhotoGridTests.m */ = {isa = PBXFileReference; lastKnownFileType = sourcecode.c.objc; path = Assignment_PhotoGridTests.m; sourceTree = "<group>"; };
/* End PBXFileReference section */

/* Begin PBXFrameworksBuildPhase section */
		F2C06F3A1935B25F0016ACA1 /* Frameworks */ = {
			isa = PBXFrameworksBuildPhase;
			buildActionMask = 2147483647;
			files = (
				F2C06F431935B25F0016ACA1 /* CoreGraphics.framework in Frameworks */,
				F2C06F451935B25F0016ACA1 /* UIKit.framework in Frameworks */,
				F2C06F411935B25F0016ACA1 /* Foundation.framework in Frameworks */,
			);
			runOnlyForDeploymentPostprocessing = 0;
		};
		F2C06F5B1935B25F0016ACA1 /* Frameworks */ = {
			isa = PBXFrameworksBuildPhase;
			buildActionMask = 2147483647;
			files = (
				F2C06F601935B25F0016ACA1 /* XCTest.framework in Frameworks */,
				F2C06F621935B25F0016ACA1 /* UIKit.framework in Frameworks */,
				F2C06F611935B25F0016ACA1 /* Foundation.framework in Frameworks */,
			);
			runOnlyForDeploymentPostprocessing = 0;
		};
/* End PBXFrameworksBuildPhase section */

/* Begin PBXGroup section */
		F2C06F341935B25F0016ACA1 = {
			isa = PBXGroup;
			children = (
				F2C06F461935B25F0016ACA1 /* Assignment PhotoGrid */,
				F2C06F651935B25F0016ACA1 /* Assignment PhotoGridTests */,
				F2C06F3F1935B25F0016ACA1 /* Frameworks */,
				F2C06F3E1935B25F0016ACA1 /* Products */,
			);
			sourceTree = "<group>";
		};
		F2C06F3E1935B25F0016ACA1 /* Products */ = {
			isa = PBXGroup;
			children = (
				F2C06F3D1935B25F0016ACA1 /* Assignment PhotoGrid.app */,
				F2C06F5E1935B25F0016ACA1 /* Assignment PhotoGridTests.xctest */,
			);
			name = Products;
			sourceTree = "<group>";
		};
		F2C06F3F1935B25F0016ACA1 /* Frameworks */ = {
			isa = PBXGroup;
			children = (
				F2C06F401935B25F0016ACA1 /* Foundation.framework */,
				F2C06F421935B25F0016ACA1 /* CoreGraphics.framework */,
				F2C06F441935B25F0016ACA1 /* UIKit.framework */,
				F2C06F5F1935B25F0016ACA1 /* XCTest.framework */,
			);
			name = Frameworks;
			sourceTree = "<group>";
		};
		F2C06F461935B25F0016ACA1 /* Assignment PhotoGrid */ = {
			isa = PBXGroup;
			children = (
				F2C06F4F1935B25F0016ACA1 /* MTAppDelegate.h */,
				F2C06F501935B25F0016ACA1 /* MTAppDelegate.m */,
				F2C06F521935B25F0016ACA1 /* Main.storyboard */,
				F2C06F551935B25F0016ACA1 /* MTViewController.h */,
				F2C06F561935B25F0016ACA1 /* MTViewController.m */,
				F2C06F581935B25F0016ACA1 /* Images.xcassets */,
				F2C06F471935B25F0016ACA1 /* Supporting Files */,
			);
			path = "Assignment PhotoGrid";
			sourceTree = "<group>";
		};
		F2C06F471935B25F0016ACA1 /* Supporting Files */ = {
			isa = PBXGroup;
			children = (
				F2C06F481935B25F0016ACA1 /* Assignment PhotoGrid-Info.plist */,
				F2C06F491935B25F0016ACA1 /* InfoPlist.strings */,
				F2C06F4C1935B25F0016ACA1 /* main.m */,
				F2C06F4E1935B25F0016ACA1 /* Assignment PhotoGrid-Prefix.pch */,
			);
			name = "Supporting Files";
			sourceTree = "<group>";
		};
		F2C06F651935B25F0016ACA1 /* Assignment PhotoGridTests */ = {
			isa = PBXGroup;
			children = (
				F2C06F6B1935B25F0016ACA1 /* Assignment_PhotoGridTests.m */,
				F2C06F661935B25F0016ACA1 /* Supporting Files */,
			);
			path = "Assignment PhotoGridTests";
			sourceTree = "<group>";
		};
		F2C06F661935B25F0016ACA1 /* Supporting Files */ = {
			isa = PBXGroup;
			children = (
				F2C06F671935B25F0016ACA1 /* Assignment PhotoGridTests-Info.plist */,
				F2C06F681935B25F0016ACA1 /* InfoPlist.strings */,
			);
			name = "Supporting Files";
			sourceTree = "<group>";
		};
/* End PBXGroup section */

/* Begin PBXNativeTarget section */
		F2C06F3C1935B25F0016ACA1 /* Assignment PhotoGrid */ = {
			isa = PBXNativeTarget;
			buildConfigurationList = F2C06F6F1935B25F0016ACA1 /* Build configuration list for PBXNativeTarget "Assignment PhotoGrid" */;
			buildPhases = (
				F2C06F391935B25F0016ACA1 /* Sources */,
				F2C06F3A1935B25F0016ACA1 /* Frameworks */,
				F2C06F3B1935B25F0016ACA1 /* Resources */,
			);
			buildRules = (
			);
			dependencies = (
			);
			name = "Assignment PhotoGrid";
			productName = "Assignment PhotoGrid";
			productReference = F2C06F3D1935B25F0016ACA1 /* Assignment PhotoGrid.app */;
			productType = "com.apple.product-type.application";
		};
		F2C06F5D1935B25F0016ACA1 /* Assignment PhotoGridTests */ = {
			isa = PBXNativeTarget;
			buildConfigurationList = F2C06F721935B25F0016ACA1 /* Build configuration list for PBXNativeTarget "Assignment PhotoGridTests" */;
			buildPhases = (
				F2C06F5A1935B25F0016ACA1 /* Sources */,
				F2C06F5B1935B25F0016ACA1 /* Frameworks */,
				F2C06F5C1935B25F0016ACA1 /* Resources */,
			);
			buildRules = (
			);
			dependencies = (
				F2C06F641935B25F0016ACA1 /* PBXTargetDependency */,
			);
			name = "Assignment PhotoGridTests";
			productName = "Assignment PhotoGridTests";
			productReference = F2C06F5E1935B25F0016ACA1 /* Assignment PhotoGridTests.xctest */;
			productType = "com.apple.product-type.bundle.unit-test";
		};
/* End PBXNativeTarget section */

/* Begin PBXProject section */
		F2C06F351935B25F0016ACA1 /* Project object */ = {
			isa = PBXProject;
			attributes = {
				CLASSPREFIX = MT;
				LastUpgradeCheck = 0510;
				ORGANIZATIONNAME = "Michael Tirenin";
				TargetAttributes = {
					F2C06F5D1935B25F0016ACA1 = {
						TestTargetID = F2C06F3C1935B25F0016ACA1;
					};
				};
			};
			buildConfigurationList = F2C06F381935B25F0016ACA1 /* Build configuration list for PBXProject "Assignment PhotoGrid" */;
			compatibilityVersion = "Xcode 3.2";
			developmentRegion = English;
			hasScannedForEncodings = 0;
			knownRegions = (
				en,
				Base,
			);
			mainGroup = F2C06F341935B25F0016ACA1;
			productRefGroup = F2C06F3E1935B25F0016ACA1 /* Products */;
			projectDirPath = "";
			projectRoot = "";
			targets = (
				F2C06F3C1935B25F0016ACA1 /* Assignment PhotoGrid */,
				F2C06F5D1935B25F0016ACA1 /* Assignment PhotoGridTests */,
			);
		};
/* End PBXProject section */

/* Begin PBXResourcesBuildPhase section */
		F2C06F3B1935B25F0016ACA1 /* Resources */ = {
			isa = PBXResourcesBuildPhase;
			buildActionMask = 2147483647;
			files = (
				F2C06F591935B25F0016ACA1 /* Images.xcassets in Resources */,
				F2C06F4B1935B25F0016ACA1 /* InfoPlist.strings in Resources */,
				F2C06F541935B25F0016ACA1 /* Main.storyboard in Resources */,
			);
			runOnlyForDeploymentPostprocessing = 0;
		};
		F2C06F5C1935B25F0016ACA1 /* Resources */ = {
			isa = PBXResourcesBuildPhase;
			buildActionMask = 2147483647;
			files = (
				F2C06F6A1935B25F0016ACA1 /* InfoPlist.strings in Resources */,
			);
			runOnlyForDeploymentPostprocessing = 0;
		};
/* End PBXResourcesBuildPhase section */

/* Begin PBXSourcesBuildPhase section */
		F2C06F391935B25F0016ACA1 /* Sources */ = {
			isa = PBXSourcesBuildPhase;
			buildActionMask = 2147483647;
			files = (
				F2C06F4D1935B25F0016ACA1 /* main.m in Sources */,
				F2C06F571935B25F0016ACA1 /* MTViewController.m in Sources */,
				F2C06F511935B25F0016ACA1 /* MTAppDelegate.m in Sources */,
			);
			runOnlyForDeploymentPostprocessing = 0;
		};
		F2C06F5A1935B25F0016ACA1 /* Sources */ = {
			isa = PBXSourcesBuildPhase;
			buildActionMask = 2147483647;
			files = (
				F2C06F6C1935B25F0016ACA1 /* Assignment_PhotoGridTests.m in Sources */,
			);
			runOnlyForDeploymentPostprocessing = 0;
		};
/* End PBXSourcesBuildPhase section */

/* Begin PBXTargetDependency section */
		F2C06F641935B25F0016ACA1 /* PBXTargetDependency */ = {
			isa = PBXTargetDependency;
			target = F2C06F3C1935B25F0016ACA1 /* Assignment PhotoGrid */;
			targetProxy = F2C06F631935B25F0016ACA1 /* PBXContainerItemProxy */;
		};
/* End PBXTargetDependency section */

/* Begin PBXVariantGroup section */
		F2C06F491935B25F0016ACA1 /* InfoPlist.strings */ = {
			isa = PBXVariantGroup;
			children = (
				F2C06F4A1935B25F0016ACA1 /* en */,
			);
			name = InfoPlist.strings;
			sourceTree = "<group>";
		};
		F2C06F521935B25F0016ACA1 /* Main.storyboard */ = {
			isa = PBXVariantGroup;
			children = (
				F2C06F531935B25F0016ACA1 /* Base */,
			);
			name = Main.storyboard;
			sourceTree = "<group>";
		};
		F2C06F681935B25F0016ACA1 /* InfoPlist.strings */ = {
			isa = PBXVariantGroup;
			children = (
				F2C06F691935B25F0016ACA1 /* en */,
			);
			name = InfoPlist.strings;
			sourceTree = "<group>";
		};
/* End PBXVariantGroup section */

/* Begin XCBuildConfiguration section */
		F2C06F6D1935B25F0016ACA1 /* Debug */ = {
			isa = XCBuildConfiguration;
			buildSettings = {
				ALWAYS_SEARCH_USER_PATHS = NO;
				CLANG_CXX_LANGUAGE_STANDARD = "gnu++0x";
				CLANG_CXX_LIBRARY = "libc++";
				CLANG_ENABLE_MODULES = YES;
				CLANG_ENABLE_OBJC_ARC = YES;
				CLANG_WARN_BOOL_CONVERSION = YES;
				CLANG_WARN_CONSTANT_CONVERSION = YES;
				CLANG_WARN_DIRECT_OBJC_ISA_USAGE = YES_ERROR;
				CLANG_WARN_EMPTY_BODY = YES;
				CLANG_WARN_ENUM_CONVERSION = YES;
				CLANG_WARN_INT_CONVERSION = YES;
				CLANG_WARN_OBJC_ROOT_CLASS = YES_ERROR;
				CLANG_WARN__DUPLICATE_METHOD_MATCH = YES;
				"CODE_SIGN_IDENTITY[sdk=iphoneos*]" = "iPhone Developer";
				COPY_PHASE_STRIP = NO;
				GCC_C_LANGUAGE_STANDARD = gnu99;
				GCC_DYNAMIC_NO_PIC = NO;
				GCC_OPTIMIZATION_LEVEL = 0;
				GCC_PREPROCESSOR_DEFINITIONS = (
					"DEBUG=1",
					"$(inherited)",
				);
				GCC_SYMBOLS_PRIVATE_EXTERN = NO;
				GCC_WARN_64_TO_32_BIT_CONVERSION = YES;
				GCC_WARN_ABOUT_RETURN_TYPE = YES_ERROR;
				GCC_WARN_UNDECLARED_SELECTOR = YES;
				GCC_WARN_UNINITIALIZED_AUTOS = YES_AGGRESSIVE;
				GCC_WARN_UNUSED_FUNCTION = YES;
				GCC_WARN_UNUSED_VARIABLE = YES;
				IPHONEOS_DEPLOYMENT_TARGET = 7.1;
				ONLY_ACTIVE_ARCH = YES;
				SDKROOT = iphoneos;
			};
			name = Debug;
		};
		F2C06F6E1935B25F0016ACA1 /* Release */ = {
			isa = XCBuildConfiguration;
			buildSettings = {
				ALWAYS_SEARCH_USER_PATHS = NO;
				CLANG_CXX_LANGUAGE_STANDARD = "gnu++0x";
				CLANG_CXX_LIBRARY = "libc++";
				CLANG_ENABLE_MODULES = YES;
				CLANG_ENABLE_OBJC_ARC = YES;
				CLANG_WARN_BOOL_CONVERSION = YES;
				CLANG_WARN_CONSTANT_CONVERSION = YES;
				CLANG_WARN_DIRECT_OBJC_ISA_USAGE = YES_ERROR;
				CLANG_WARN_EMPTY_BODY = YES;
				CLANG_WARN_ENUM_CONVERSION = YES;
				CLANG_WARN_INT_CONVERSION = YES;
				CLANG_WARN_OBJC_ROOT_CLASS = YES_ERROR;
				CLANG_WARN__DUPLICATE_METHOD_MATCH = YES;
				"CODE_SIGN_IDENTITY[sdk=iphoneos*]" = "iPhone Developer";
				COPY_PHASE_STRIP = YES;
				ENABLE_NS_ASSERTIONS = NO;
				GCC_C_LANGUAGE_STANDARD = gnu99;
				GCC_WARN_64_TO_32_BIT_CONVERSION = YES;
				GCC_WARN_ABOUT_RETURN_TYPE = YES_ERROR;
				GCC_WARN_UNDECLARED_SELECTOR = YES;
				GCC_WARN_UNINITIALIZED_AUTOS = YES_AGGRESSIVE;
				GCC_WARN_UNUSED_FUNCTION = YES;
				GCC_WARN_UNUSED_VARIABLE = YES;
				IPHONEOS_DEPLOYMENT_TARGET = 7.1;
				SDKROOT = iphoneos;
				VALIDATE_PRODUCT = YES;
			};
			name = Release;
		};
		F2C06F701935B25F0016ACA1 /* Debug */ = {
			isa = XCBuildConfiguration;
			buildSettings = {
				ASSETCATALOG_COMPILER_APPICON_NAME = AppIcon;
				ASSETCATALOG_COMPILER_LAUNCHIMAGE_NAME = LaunchImage;
				GCC_PRECOMPILE_PREFIX_HEADER = YES;
				GCC_PREFIX_HEADER = "Assignment PhotoGrid/Assignment PhotoGrid-Prefix.pch";
				INFOPLIST_FILE = "Assignment PhotoGrid/Assignment PhotoGrid-Info.plist";
				PRODUCT_NAME = "$(TARGET_NAME)";
				WRAPPER_EXTENSION = app;
			};
			name = Debug;
		};
		F2C06F711935B25F0016ACA1 /* Release */ = {
			isa = XCBuildConfiguration;
			buildSettings = {
				ASSETCATALOG_COMPILER_APPICON_NAME = AppIcon;
				ASSETCATALOG_COMPILER_LAUNCHIMAGE_NAME = LaunchImage;
				GCC_PRECOMPILE_PREFIX_HEADER = YES;
				GCC_PREFIX_HEADER = "Assignment PhotoGrid/Assignment PhotoGrid-Prefix.pch";
				INFOPLIST_FILE = "Assignment PhotoGrid/Assignment PhotoGrid-Info.plist";
				PRODUCT_NAME = "$(TARGET_NAME)";
				WRAPPER_EXTENSION = app;
			};
			name = Release;
		};
		F2C06F731935B25F0016ACA1 /* Debug */ = {
			isa = XCBuildConfiguration;
			buildSettings = {
				BUNDLE_LOADER = "$(BUILT_PRODUCTS_DIR)/Assignment PhotoGrid.app/Assignment PhotoGrid";
				FRAMEWORK_SEARCH_PATHS = (
					"$(SDKROOT)/Developer/Library/Frameworks",
					"$(inherited)",
					"$(DEVELOPER_FRAMEWORKS_DIR)",
				);
				GCC_PRECOMPILE_PREFIX_HEADER = YES;
				GCC_PREFIX_HEADER = "Assignment PhotoGrid/Assignment PhotoGrid-Prefix.pch";
				GCC_PREPROCESSOR_DEFINITIONS = (
					"DEBUG=1",
					"$(inherited)",
				);
				INFOPLIST_FILE = "Assignment PhotoGridTests/Assignment PhotoGridTests-Info.plist";
				PRODUCT_NAME = "$(TARGET_NAME)";
				TEST_HOST = "$(BUNDLE_LOADER)";
				WRAPPER_EXTENSION = xctest;
			};
			name = Debug;
		};
		F2C06F741935B25F0016ACA1 /* Release */ = {
			isa = XCBuildConfiguration;
			buildSettings = {
				BUNDLE_LOADER = "$(BUILT_PRODUCTS_DIR)/Assignment PhotoGrid.app/Assignment PhotoGrid";
				FRAMEWORK_SEARCH_PATHS = (
					"$(SDKROOT)/Developer/Library/Frameworks",
					"$(inherited)",
					"$(DEVELOPER_FRAMEWORKS_DIR)",
				);
				GCC_PRECOMPILE_PREFIX_HEADER = YES;
				GCC_PREFIX_HEADER = "Assignment PhotoGrid/Assignment PhotoGrid-Prefix.pch";
				INFOPLIST_FILE = "Assignment PhotoGridTests/Assignment PhotoGridTests-Info.plist";
				PRODUCT_NAME = "$(TARGET_NAME)";
				TEST_HOST = "$(BUNDLE_LOADER)";
				WRAPPER_EXTENSION = xctest;
			};
			name = Release;
		};
/* End XCBuildConfiguration section */

/* Begin XCConfigurationList section */
		F2C06F381935B25F0016ACA1 /* Build configuration list for PBXProject "Assignment PhotoGrid" */ = {
			isa = XCConfigurationList;
			buildConfigurations = (
				F2C06F6D1935B25F0016ACA1 /* Debug */,
				F2C06F6E1935B25F0016ACA1 /* Release */,
			);
			defaultConfigurationIsVisible = 0;
			defaultConfigurationName = Release;
		};
		F2C06F6F1935B25F0016ACA1 /* Build configuration list for PBXNativeTarget "Assignment PhotoGrid" */ = {
			isa = XCConfigurationList;
			buildConfigurations = (
				F2C06F701935B25F0016ACA1 /* Debug */,
				F2C06F711935B25F0016ACA1 /* Release */,
			);
			defaultConfigurationIsVisible = 0;
		};
		F2C06F721935B25F0016ACA1 /* Build configuration list for PBXNativeTarget "Assignment PhotoGridTests" */ = {
			isa = XCConfigurationList;
			buildConfigurations = (
				F2C06F731935B25F0016ACA1 /* Debug */,
				F2C06F741935B25F0016ACA1 /* Release */,
			);
			defaultConfigurationIsVisible = 0;
		};
/* End XCConfigurationList section */
	};
	rootObject = F2C06F351935B25F0016ACA1 /* Project object */;
}
